// !$*UTF8*$!
{
	archiveVersion = 1;
	classes = {
	};
	objectVersion = 50;
	objects = {

/* Begin PBXBuildFile section */
		A884D39D21240A450000E211 /* AppDelegate.swift in Sources */ = {isa = PBXBuildFile; fileRef = A884D39C21240A450000E211 /* AppDelegate.swift */; };
		A884D39F21240A450000E211 /* ViewController.swift in Sources */ = {isa = PBXBuildFile; fileRef = A884D39E21240A450000E211 /* ViewController.swift */; };
		A884D3A221240A450000E211 /* Main.storyboard in Resources */ = {isa = PBXBuildFile; fileRef = A884D3A021240A450000E211 /* Main.storyboard */; };
		A884D3A521240A450000E211 /* CoreDataLagi.xcdatamodeld in Sources */ = {isa = PBXBuildFile; fileRef = A884D3A321240A450000E211 /* CoreDataLagi.xcdatamodeld */; };
		A884D3A721240A460000E211 /* Assets.xcassets in Resources */ = {isa = PBXBuildFile; fileRef = A884D3A621240A460000E211 /* Assets.xcassets */; };
		A884D3AA21240A460000E211 /* LaunchScreen.storyboard in Resources */ = {isa = PBXBuildFile; fileRef = A884D3A821240A460000E211 /* LaunchScreen.storyboard */; };
/* End PBXBuildFile section */

/* Begin PBXFileReference section */
		A884D39921240A450000E211 /* CoreDataLagi.app */ = {isa = PBXFileReference; explicitFileType = wrapper.application; includeInIndex = 0; path = CoreDataLagi.app; sourceTree = BUILT_PRODUCTS_DIR; };
		A884D39C21240A450000E211 /* AppDelegate.swift */ = {isa = PBXFileReference; lastKnownFileType = sourcecode.swift; path = AppDelegate.swift; sourceTree = "<group>"; };
		A884D39E21240A450000E211 /* ViewController.swift */ = {isa = PBXFileReference; lastKnownFileType = sourcecode.swift; path = ViewController.swift; sourceTree = "<group>"; };
		A884D3A121240A450000E211 /* Base */ = {isa = PBXFileReference; lastKnownFileType = file.storyboard; name = Base; path = Base.lproj/Main.storyboard; sourceTree = "<group>"; };
		A884D3A421240A450000E211 /* CoreDataLagi.xcdatamodel */ = {isa = PBXFileReference; lastKnownFileType = wrapper.xcdatamodel; path = CoreDataLagi.xcdatamodel; sourceTree = "<group>"; };
		A884D3A621240A460000E211 /* Assets.xcassets */ = {isa = PBXFileReference; lastKnownFileType = folder.assetcatalog; path = Assets.xcassets; sourceTree = "<group>"; };
		A884D3A921240A460000E211 /* Base */ = {isa = PBXFileReference; lastKnownFileType = file.storyboard; name = Base; path = Base.lproj/LaunchScreen.storyboard; sourceTree = "<group>"; };
		A884D3AB21240A460000E211 /* Info.plist */ = {isa = PBXFileReference; lastKnownFileType = text.plist.xml; path = Info.plist; sourceTree = "<group>"; };
/* End PBXFileReference section */

/* Begin PBXFrameworksBuildPhase section */
		A884D39621240A450000E211 /* Frameworks */ = {
			isa = PBXFrameworksBuildPhase;
			buildActionMask = 2147483647;
			files = (
			);
			runOnlyForDeploymentPostprocessing = 0;
		};
/* End PBXFrameworksBuildPhase section */

/* Begin PBXGroup section */
		A884D39021240A450000E211 = {
			isa = PBXGroup;
			children = (
				A884D39B21240A450000E211 /* CoreDataLagi */,
			);
			sourceTree = "<group>";
		};
		A884D39A21240A450000E211 /* Products */ = {
			isa = PBXGroup;
			children = (
				A884D39921240A450000E211 /* CoreDataLagi.app */,
			);
			name = Products;
			path = ..;
			sourceTree = "<group>";
		};
		A884D39B21240A450000E211 /* CoreDataLagi */ = {
			isa = PBXGroup;
			children = (
				A884D39C21240A450000E211 /* AppDelegate.swift */,
				A884D39E21240A450000E211 /* ViewController.swift */,
				A884D3A021240A450000E211 /* Main.storyboard */,
				A884D3A621240A460000E211 /* Assets.xcassets */,
				A884D3A821240A460000E211 /* LaunchScreen.storyboard */,
				A884D3AB21240A460000E211 /* Info.plist */,
				A884D3A321240A450000E211 /* CoreDataLagi.xcdatamodeld */,
				A884D39A21240A450000E211 /* Products */,
			);
			path = CoreDataLagi;
			sourceTree = "<group>";
		};
/* End PBXGroup section */

/* Begin PBXNativeTarget section */
		A884D39821240A450000E211 /* CoreDataLagi */ = {
			isa = PBXNativeTarget;
			buildConfigurationList = A884D3AE21240A460000E211 /* Build configuration list for PBXNativeTarget "CoreDataLagi" */;
			buildPhases = (
				A884D39521240A450000E211 /* Sources */,
				A884D39621240A450000E211 /* Frameworks */,
				A884D39721240A450000E211 /* Resources */,
			);
			buildRules = (
			);
			dependencies = (
			);
			name = CoreDataLagi;
			productName = CoreDataLagi;
			productReference = A884D39921240A450000E211 /* CoreDataLagi.app */;
			productType = "com.apple.product-type.application";
		};
/* End PBXNativeTarget section */

/* Begin PBXProject section */
		A884D39121240A450000E211 /* Project object */ = {
			isa = PBXProject;
			attributes = {
				LastSwiftUpdateCheck = 0940;
				LastUpgradeCheck = 0940;
				ORGANIZATIONNAME = "Rizal Hilman";
				TargetAttributes = {
					A884D39821240A450000E211 = {
						CreatedOnToolsVersion = 9.4.1;
					};
				};
			};
			buildConfigurationList = A884D39421240A450000E211 /* Build configuration list for PBXProject "CoreDataLagi" */;
			compatibilityVersion = "Xcode 9.3";
			developmentRegion = en;
			hasScannedForEncodings = 0;
			knownRegions = (
				en,
				Base,
			);
			mainGroup = A884D39021240A450000E211;
			productRefGroup = A884D39A21240A450000E211 /* Products */;
			projectDirPath = "";
			projectRoot = "";
			targets = (
				A884D39821240A450000E211 /* CoreDataLagi */,
			);
		};
/* End PBXProject section */

/* Begin PBXResourcesBuildPhase section */
		A884D39721240A450000E211 /* Resources */ = {
			isa = PBXResourcesBuildPhase;
			buildActionMask = 2147483647;
			files = (
				A884D3AA21240A460000E211 /* LaunchScreen.storyboard in Resources */,
				A884D3A721240A460000E211 /* Assets.xcassets in Resources */,
				A884D3A221240A450000E211 /* Main.storyboard in Resources */,
			);
			runOnlyForDeploymentPostprocessing = 0;
		};
/* End PBXResourcesBuildPhase section */

/* Begin PBXSourcesBuildPhase section */
		A884D39521240A450000E211 /* Sources */ = {
			isa = PBXSourcesBuildPhase;
			buildActionMask = 2147483647;
			files = (
				A884D39F21240A450000E211 /* ViewController.swift in Sources */,
				A884D3A521240A450000E211 /* CoreDataLagi.xcdatamodeld in Sources */,
				A884D39D21240A450000E211 /* AppDelegate.swift in Sources */,
			);
			runOnlyForDeploymentPostprocessing = 0;
		};
/* End PBXSourcesBuildPhase section */

/* Begin PBXVariantGroup section */
		A884D3A021240A450000E211 /* Main.storyboard */ = {
			isa = PBXVariantGroup;
			children = (
				A884D3A121240A450000E211 /* Base */,
			);
			name = Main.storyboard;
			sourceTree = "<group>";
		};
		A884D3A821240A460000E211 /* LaunchScreen.storyboard */ = {
			isa = PBXVariantGroup;
			children = (
				A884D3A921240A460000E211 /* Base */,
			);
			name = LaunchScreen.storyboard;
			sourceTree = "<group>";
		};
/* End PBXVariantGroup section */

/* Begin XCBuildConfiguration section */
		A884D3AC21240A460000E211 /* Debug */ = {
			isa = XCBuildConfiguration;
			buildSettings = {
				ALWAYS_SEARCH_USER_PATHS = NO;
				CLANG_ANALYZER_NONNULL = YES;
				CLANG_ANALYZER_NUMBER_OBJECT_CONVERSION = YES_AGGRESSIVE;
				CLANG_CXX_LANGUAGE_STANDARD = "gnu++14";
				CLANG_CXX_LIBRARY = "libc++";
				CLANG_ENABLE_MODULES = YES;
				CLANG_ENABLE_OBJC_ARC = YES;
				CLANG_ENABLE_OBJC_WEAK = YES;
				CLANG_WARN_BLOCK_CAPTURE_AUTORELEASING = YES;
				CLANG_WARN_BOOL_CONVERSION = YES;
				CLANG_WARN_COMMA = YES;
				CLANG_WARN_CONSTANT_CONVERSION = YES;
				CLANG_WARN_DEPRECATED_OBJC_IMPLEMENTATIONS = YES;
				CLANG_WARN_DIRECT_OBJC_ISA_USAGE = YES_ERROR;
				CLANG_WARN_DOCUMENTATION_COMMENTS = YES;
				CLANG_WARN_EMPTY_BODY = YES;
				CLANG_WARN_ENUM_CONVERSION = YES;
				CLANG_WARN_INFINITE_RECURSION = YES;
				CLANG_WARN_INT_CONVERSION = YES;
				CLANG_WARN_NON_LITERAL_NULL_CONVERSION = YES;
				CLANG_WARN_OBJC_IMPLICIT_RETAIN_SELF = YES;
				CLANG_WARN_OBJC_LITERAL_CONVERSION = YES;
				CLANG_WARN_OBJC_ROOT_CLASS = YES_ERROR;
				CLANG_WARN_RANGE_LOOP_ANALYSIS = YES;
				CLANG_WARN_STRICT_PROTOTYPES = YES;
				CLANG_WARN_SUSPICIOUS_MOVE = YES;
				CLANG_WARN_UNGUARDED_AVAILABILITY = YES_AGGRESSIVE;
				CLANG_WARN_UNREACHABLE_CODE = YES;
				CLANG_WARN__DUPLICATE_METHOD_MATCH = YES;
				CODE_SIGN_IDENTITY = "iPhone Developer";
				COPY_PHASE_STRIP = NO;
				DEBUG_INFORMATION_FORMAT = dwarf;
				ENABLE_STRICT_OBJC_MSGSEND = YES;
				ENABLE_TESTABILITY = YES;
				GCC_C_LANGUAGE_STANDARD = gnu11;
				GCC_DYNAMIC_NO_PIC = NO;
				GCC_NO_COMMON_BLOCKS = YES;
				GCC_OPTIMIZATION_LEVEL = 0;
				GCC_PREPROCESSOR_DEFINITIONS = (
					"DEBUG=1",
					"$(inherited)",
				);
				GCC_WARN_64_TO_32_BIT_CONVERSION = YES;
				GCC_WARN_ABOUT_RETURN_TYPE = YES_ERROR;
				GCC_WARN_UNDECLARED_SELECTOR = YES;
				GCC_WARN_UNINITIALIZED_AUTOS = YES_AGGRESSIVE;
				GCC_WARN_UNUSED_FUNCTION = YES;
				GCC_WARN_UNUSED_VARIABLE = YES;
				IPHONEOS_DEPLOYMENT_TARGET = 11.4;
				MTL_ENABLE_DEBUG_INFO = YES;
				ONLY_ACTIVE_ARCH = YES;
				SDKROOT = iphoneos;
				SWIFT_ACTIVE_COMPILATION_CONDITIONS = DEBUG;
				SWIFT_OPTIMIZATION_LEVEL = "-Onone";
			};
			name = Debug;
		};
		A884D3AD21240A460000E211 /* Release */ = {
			isa = XCBuildConfiguration;
			buildSettings = {
				ALWAYS_SEARCH_USER_PATHS = NO;
				CLANG_ANALYZER_NONNULL = YES;
				CLANG_ANALYZER_NUMBER_OBJECT_CONVERSION = YES_AGGRESSIVE;
				CLANG_CXX_LANGUAGE_STANDARD = "gnu++14";
				CLANG_CXX_LIBRARY = "libc++";
				CLANG_ENABLE_MODULES = YES;
				CLANG_ENABLE_OBJC_ARC = YES;
				CLANG_ENABLE_OBJC_WEAK = YES;
				CLANG_WARN_BLOCK_CAPTURE_AUTORELEASING = YES;
				CLANG_WARN_BOOL_CONVERSION = YES;
				CLANG_WARN_COMMA = YES;
				CLANG_WARN_CONSTANT_CONVERSION = YES;
				CLANG_WARN_DEPRECATED_OBJC_IMPLEMENTATIONS = YES;
				CLANG_WARN_DIRECT_OBJC_ISA_USAGE = YES_ERROR;
				CLANG_WARN_DOCUMENTATION_COMMENTS = YES;
				CLANG_WARN_EMPTY_BODY = YES;
				CLANG_WARN_ENUM_CONVERSION = YES;
				CLANG_WARN_INFINITE_RECURSION = YES;
				CLANG_WARN_INT_CONVERSION = YES;
				CLANG_WARN_NON_LITERAL_NULL_CONVERSION = YES;
				CLANG_WARN_OBJC_IMPLICIT_RETAIN_SELF = YES;
				CLANG_WARN_OBJC_LITERAL_CONVERSION = YES;
				CLANG_WARN_OBJC_ROOT_CLASS = YES_ERROR;
				CLANG_WARN_RANGE_LOOP_ANALYSIS = YES;
				CLANG_WARN_STRICT_PROTOTYPES = YES;
				CLANG_WARN_SUSPICIOUS_MOVE = YES;
				CLANG_WARN_UNGUARDED_AVAILABILITY = YES_AGGRESSIVE;
				CLANG_WARN_UNREACHABLE_CODE = YES;
				CLANG_WARN__DUPLICATE_METHOD_MATCH = YES;
				CODE_SIGN_IDENTITY = "iPhone Developer";
				COPY_PHASE_STRIP = NO;
				DEBUG_INFORMATION_FORMAT = "dwarf-with-dsym";
				ENABLE_NS_ASSERTIONS = NO;
				ENABLE_STRICT_OBJC_MSGSEND = YES;
				GCC_C_LANGUAGE_STANDARD = gnu11;
				GCC_NO_COMMON_BLOCKS = YES;
				GCC_WARN_64_TO_32_BIT_CONVERSION = YES;
				GCC_WARN_ABOUT_RETURN_TYPE = YES_ERROR;
				GCC_WARN_UNDECLARED_SELECTOR = YES;
				GCC_WARN_UNINITIALIZED_AUTOS = YES_AGGRESSIVE;
				GCC_WARN_UNUSED_FUNCTION = YES;
				GCC_WARN_UNUSED_VARIABLE = YES;
				IPHONEOS_DEPLOYMENT_TARGET = 11.4;
				MTL_ENABLE_DEBUG_INFO = NO;
				SDKROOT = iphoneos;
				SWIFT_COMPILATION_MODE = wholemodule;
				SWIFT_OPTIMIZATION_LEVEL = "-O";
				VALIDATE_PRODUCT = YES;
			};
			name = Release;
		};
		A884D3AF21240A460000E211 /* Debug */ = {
			isa = XCBuildConfiguration;
			buildSettings = {
				ASSETCATALOG_COMPILER_APPICON_NAME = AppIcon;
				CODE_SIGN_STYLE = Automatic;
				DEVELOPMENT_TEAM = 73TW42T8UJ;
				INFOPLIST_FILE = CoreDataLagi/Info.plist;
				LD_RUNPATH_SEARCH_PATHS = (
					"$(inherited)",
					"@executable_path/Frameworks",
				);
				PRODUCT_BUNDLE_IDENTIFIER = AbataProduction.CoreDataLagi;
				PRODUCT_NAME = "$(TARGET_NAME)";
				SWIFT_VERSION = 4.0;
				TARGETED_DEVICE_FAMILY = "1,2";
			};
			name = Debug;
		};
		A884D3B021240A460000E211 /* Release */ = {
			isa = XCBuildConfiguration;
			buildSettings = {
				ASSETCATALOG_COMPILER_APPICON_NAME = AppIcon;
				CODE_SIGN_STYLE = Automatic;
				DEVELOPMENT_TEAM = 73TW42T8UJ;
				INFOPLIST_FILE = CoreDataLagi/Info.plist;
				LD_RUNPATH_SEARCH_PATHS = (
					"$(inherited)",
					"@executable_path/Frameworks",
				);
				PRODUCT_BUNDLE_IDENTIFIER = AbataProduction.CoreDataLagi;
				PRODUCT_NAME = "$(TARGET_NAME)";
				SWIFT_VERSION = 4.0;
				TARGETED_DEVICE_FAMILY = "1,2";
			};
			name = Release;
		};
/* End XCBuildConfiguration section */

/* Begin XCConfigurationList section */
		A884D39421240A450000E211 /* Build configuration list for PBXProject "CoreDataLagi" */ = {
			isa = XCConfigurationList;
			buildConfigurations = (
				A884D3AC21240A460000E211 /* Debug */,
				A884D3AD21240A460000E211 /* Release */,
			);
			defaultConfigurationIsVisible = 0;
			defaultConfigurationName = Release;
		};
		A884D3AE21240A460000E211 /* Build configuration list for PBXNativeTarget "CoreDataLagi" */ = {
			isa = XCConfigurationList;
			buildConfigurations = (
				A884D3AF21240A460000E211 /* Debug */,
				A884D3B021240A460000E211 /* Release */,
			);
			defaultConfigurationIsVisible = 0;
			defaultConfigurationName = Release;
		};
/* End XCConfigurationList section */

/* Begin XCVersionGroup section */
		A884D3A321240A450000E211 /* CoreDataLagi.xcdatamodeld */ = {
			isa = XCVersionGroup;
			children = (
				A884D3A421240A450000E211 /* CoreDataLagi.xcdatamodel */,
			);
			currentVersion = A884D3A421240A450000E211 /* CoreDataLagi.xcdatamodel */;
			path = CoreDataLagi.xcdatamodeld;
			sourceTree = "<group>";
			versionGroupType = wrapper.xcdatamodel;
		};
/* End XCVersionGroup section */
	};
	rootObject = A884D39121240A450000E211 /* Project object */;
}
